{
  "name": "@brava-apps/blits-animation-plugin",
  "version": "1.4.1",
  "lockfileVersion": 3,
  "requires": true,
  "packages": {
    "": {
      "name": "@brava-apps/blits-animation-plugin",
      "version": "1.4.1",
      "license": "Apache-2.0",
      "peerDependencies": {
        "@lightningjs/blits": "^2.10.0"
      }
    },
    "node_modules/@jridgewell/sourcemap-codec": {
      "version": "1.6.0",
      "resolved": "https://registry.npmjs.org/@jridgewell/sourcemap-codec/-/sourcemap-codec-1.6.0.tgz",
      "integrity": "sha512-T7jf+5zgsZHwNJ4lvQ7/aezbyk0nNX+zJVWpmHA7VYsEx7a7qr5Rg5IbtJFqkgze5Y2sruq1RUY8Q837Od7iFw==",
      "license": "MIT",
      "peer": true
    },
    "node_modules/@lightningjs/blits": {
      "version": "2.11.0",
      "resolved": "https://registry.npmjs.org/@lightningjs/blits/-/blits-2.11.0.tgz",
      "integrity": "sha512-hfsHOe8D38VK8RICO28TOSw6r/Prqe313Vh8MS+gJE/gntnz+rqLpGuCjPqN+1AA1ti3A0JotGsijAmAykhCmQ==",
      "license": "Apache-2.0",
      "peer": true,
      "dependencies": {
        "@lightningjs/renderer": "3.5.1",
        "magic-string": "^1.4.1"
      },
      "bin": {
        "blits": "bin/index.js"
      }
    },
    "node_modules/@lightningjs/renderer": {
      "version": "3.5.1",
      "resolved": "https://registry.npmjs.org/@lightningjs/renderer/-/renderer-3.5.1.tgz",
      "integrity": "sha512-5gEG6qzhg0GVdFobAM0klS02ZZIkDN6tyqrbmL9HmzNw9xaz8SCl3uEWUxvCvgR3gs8yLfeYD6Je37Q7LqDCHw==",
      "license": "Apache-2.0",
      "peer": true,
      "engines": {
        "node": ">= 22.13.0",
        "npm": ">= 10.0.0",
        "pnpm": ">= 10.17.0"
      }
    },
    "node_modules/magic-string": {
      "version": "1.4.3",
      "resolved": "https://registry.npmjs.org/magic-string/-/magic-string-1.4.3.tgz",
      "integrity": "sha512-z12OxmaPGE0F4xlpGdjuAUckipLpQlTAuAmyGhNoD7ODpYUzvDfvtxUbjM/jwznyP178oju/KDdyi220wNJ0RQ==",
      "license": "MIT",
      "peer": true,
      "dependencies": {
        "@jridgewell/sourcemap-codec": "^1.6.0"
      }
    }
  }
}
