{
  "name": "@brava-apps/blits-animation-plugin",
  "version": "1.2.0",
  "lockfileVersion": 3,
  "requires": true,
  "packages": {
    "": {
      "name": "@brava-apps/blits-animation-plugin",
      "version": "1.2.0",
      "license": "Apache-2.0",
      "peerDependencies": {
        "@lightningjs/blits": "^2.10.0"
      }
    },
    "node_modules/@jridgewell/sourcemap-codec": {
      "version": "1.5.5",
      "resolved": "https://registry.npmjs.org/@jridgewell/sourcemap-codec/-/sourcemap-codec-1.5.5.tgz",
      "integrity": "sha512-cYQ9310grqxueWbl+WuIUIaiUaDcj7WOq5fVhEljNVgRfOUhY9fy2zTvfoqWsnebh8Sl70VScFbICvJnLKB0Og==",
      "license": "MIT",
      "peer": true
    },
    "node_modules/@lightningjs/blits": {
      "version": "2.10.0",
      "resolved": "https://registry.npmjs.org/@lightningjs/blits/-/blits-2.10.0.tgz",
      "integrity": "sha512-6OhpYt8ILjuxflOlyYnifkttzmepZ19/zQyK0/a3xRmvbfzm13/MT1qy4/fomsvnjqWD/eyINpTZkxiR189M2A==",
      "license": "Apache-2.0",
      "peer": true,
      "dependencies": {
        "@lightningjs/renderer": "3.5.0",
        "magic-string": "^0.30.21"
      },
      "bin": {
        "blits": "bin/index.js"
      }
    },
    "node_modules/@lightningjs/renderer": {
      "version": "3.5.0",
      "resolved": "https://registry.npmjs.org/@lightningjs/renderer/-/renderer-3.5.0.tgz",
      "integrity": "sha512-gOOePk64vQ0hBlaTG6fXAYgkB1lLLdqykDXkgAI6SN2Syt95G9pd60NoCGAO96J4Z/FjfPnaWn+UVthh+QlplA==",
      "license": "Apache-2.0",
      "peer": true,
      "engines": {
        "node": ">= 22.13.0",
        "npm": ">= 10.0.0",
        "pnpm": ">= 10.17.0"
      }
    },
    "node_modules/magic-string": {
      "version": "0.30.21",
      "resolved": "https://registry.npmjs.org/magic-string/-/magic-string-0.30.21.tgz",
      "integrity": "sha512-vd2F4YUyEXKGcLHoq+TEyCjxueSeHnFxyyjNp80yg0XV4vUhnDer/lvvlqM/arB5bXQN5K2/3oinyCRyx8T2CQ==",
      "license": "MIT",
      "peer": true,
      "dependencies": {
        "@jridgewell/sourcemap-codec": "^1.5.5"
      }
    }
  }
}
